github.com/kakawait/hugo-tranquilpeak-theme v0.0.0-20200529215334-e1d2c5d5cb1e h1:FDWWGdCgjyojpMAoQMkxtpfiTYBqrl2ko6QJ1Uh+YuE=
github.com/kakawait/hugo-tranquilpeak-theme v0.0.0-20200529215334-e1d2c5d5cb1e/go.mod h1:ALR3J98DIlodBHNtSCMi28RveJSRkho/i+VAyB+WrR0=
github.com/themefisher/meghna-hugo v1.0.0 h1:QvaDKhT2SRXdVVSOBqG9uQ7iyulhq1svSrC08w7AJw0=
github.com/themefisher/meghna-hugo v1.0.0/go.mod h1:K0U8mZttiB46/S4qgHqi6o5C9NtqiewIrF7MaWVWuvc=
